{
  "name": "@ntlab/express-middleware",
  "version": "2.0.0",
  "lockfileVersion": 3,
  "requires": true,
  "packages": {
    "": {
      "name": "@ntlab/express-middleware",
      "version": "2.0.0",
      "license": "MIT",
      "dependencies": {
        "@ntlab/ntjs": "^2.0.0",
        "@ntlab/ntlib": "^2.0.4"
      }
    },
    "node_modules/@ntlab/ntjs": {
      "version": "2.0.0",
      "resolved": "https://registry.npmjs.org/@ntlab/ntjs/-/ntjs-2.0.0.tgz",
      "integrity": "sha512-wXGuCshMSrM153kOoaxy/Nz9l9YOOoA7CksFEn2I2aGDg5+lhP7FgZGoY9X6bphP7ga2D0qNRBT/wgx/HKifZA==",
      "dependencies": {
        "debug": "^4.3.4"
      }
    },
    "node_modules/@ntlab/ntlib": {
      "version": "2.0.4",
      "resolved": "https://registry.npmjs.org/@ntlab/ntlib/-/ntlib-2.0.4.tgz",
      "integrity": "sha512-bOW/A6Y0DxtIGrpA7FzvrXyNndW0NmnxbKTFLxxGebgOwkGlO1jPQMB/tsQfrYO4Nrwrf74u4pSlio3UFZf4+A=="
    },
    "node_modules/debug": {
      "version": "4.3.4",
      "resolved": "https://registry.npmjs.org/debug/-/debug-4.3.4.tgz",
      "integrity": "sha512-PRWFHuSU3eDtQJPvnNY7Jcket1j0t5OuOsFzPPzsekD52Zl8qUfFIPEiswXqIvHWGVHOgX+7G/vCNNhehwxfkQ==",
      "dependencies": {
        "ms": "2.1.2"
      },
      "engines": {
        "node": ">=6.0"
      },
      "peerDependenciesMeta": {
        "supports-color": {
          "optional": true
        }
      }
    },
    "node_modules/ms": {
      "version": "2.1.2",
      "resolved": "https://registry.npmjs.org/ms/-/ms-2.1.2.tgz",
      "integrity": "sha512-sGkPx+VjMtmA6MX27oA4FBFELFCZZ4S4XqeGOXCv68tT+jb3vk/RyaKWP0PTKyWtmLSM0b+adUTEvbs1PEaH2w=="
    }
  }
}
