{
  "name": "@ntlab/express-middleware",
  "version": "2.1.2",
  "lockfileVersion": 3,
  "requires": true,
  "packages": {
    "": {
      "name": "@ntlab/express-middleware",
      "version": "2.1.2",
      "license": "MIT",
      "dependencies": {
        "@ntlab/ntjs": "^2.1.11",
        "@ntlab/ntlib": "^2.0.5",
        "debug": "^4.3.4"
      }
    },
    "node_modules/@ntlab/ntjs": {
      "version": "2.1.11",
      "resolved": "https://registry.npmjs.org/@ntlab/ntjs/-/ntjs-2.1.11.tgz",
      "integrity": "sha512-NV7bK/ML2S2CkPC3N15+CpOp954UmOO0T64u/MC6uZTve27nQg4XU4qyphWRx9M/IVmr0o00H1l0cHngSzPLUg==",
      "dependencies": {
        "debug": "^4.3.4"
      }
    },
    "node_modules/@ntlab/ntlib": {
      "version": "2.0.5",
      "resolved": "https://registry.npmjs.org/@ntlab/ntlib/-/ntlib-2.0.5.tgz",
      "integrity": "sha512-JFif+biuUyx8COJzA5ezda1N1azFU3TyMAr3TPPflantr0fUzN9TMaOulw77/Unv7+L/MsYwtvVC/lDBzTg9rw=="
    },
    "node_modules/debug": {
      "version": "4.3.4",
      "resolved": "https://registry.npmjs.org/debug/-/debug-4.3.4.tgz",
      "integrity": "sha512-PRWFHuSU3eDtQJPvnNY7Jcket1j0t5OuOsFzPPzsekD52Zl8qUfFIPEiswXqIvHWGVHOgX+7G/vCNNhehwxfkQ==",
      "dependencies": {
        "ms": "2.1.2"
      },
      "engines": {
        "node": ">=6.0"
      },
      "peerDependenciesMeta": {
        "supports-color": {
          "optional": true
        }
      }
    },
    "node_modules/ms": {
      "version": "2.1.2",
      "resolved": "https://registry.npmjs.org/ms/-/ms-2.1.2.tgz",
      "integrity": "sha512-sGkPx+VjMtmA6MX27oA4FBFELFCZZ4S4XqeGOXCv68tT+jb3vk/RyaKWP0PTKyWtmLSM0b+adUTEvbs1PEaH2w=="
    }
  }
}
